
Microsoft Visual Studio Solution File, Format Version 12.00
# Visual Studio Version 17
VisualStudioVersion = 17.10.34916.146
MinimumVisualStudioVersion = 10.0.40219.1
Project("{9A19103F-16F7-4668-BE54-9A1E7A4F7556}") = "bunrakuIKsolver12Utils", "bunrakuIKsolver12Utils.csproj", "{B37B22BA-50F8-48CC-B3D0-F827551652EE}"
EndProject
Global
	GlobalSection(SolutionConfigurationPlatforms) = preSolution
		Debug|Any CPU = Debug|Any CPU
		Release|Any CPU = Release|Any CPU
	EndGlobalSection
	GlobalSection(ProjectConfigurationPlatforms) = postSolution
		{B37B22BA-50F8-48CC-B3D0-F827551652EE}.Debug|Any CPU.ActiveCfg = Debug|Any CPU
		{B37B22BA-50F8-48CC-B3D0-F827551652EE}.Debug|Any CPU.Build.0 = Debug|Any CPU
		{B37B22BA-50F8-48CC-B3D0-F827551652EE}.Release|Any CPU.ActiveCfg = Release|Any CPU
		{B37B22BA-50F8-48CC-B3D0-F827551652EE}.Release|Any CPU.Build.0 = Release|Any CPU
	EndGlobalSection
	GlobalSection(SolutionProperties) = preSolution
		HideSolutionNode = FALSE
	EndGlobalSection
	GlobalSection(ExtensibilityGlobals) = postSolution
		SolutionGuid = {9F1E7448-2DCE-4D75-89B7-226AA3AEC1B7}
	EndGlobalSection
EndGlobal
