
Microsoft Visual Studio Solution File, Format Version 12.00
# Visual Studio Version 17
VisualStudioVersion = 17.10.35013.160
MinimumVisualStudioVersion = 10.0.40219.1
Project("{FAE04EC0-301F-11D3-BF4B-00C04F79EFBC}") = "ExternalApiTest", "ExternalApiTest\ExternalApiTest.csproj", "{8966EA18-4B17-44FB-B558-391CC9698B97}"
EndProject
Global
	GlobalSection(SolutionConfigurationPlatforms) = preSolution
		Debug|Any CPU = Debug|Any CPU
		Release|Any CPU = Release|Any CPU
	EndGlobalSection
	GlobalSection(ProjectConfigurationPlatforms) = postSolution
		{8966EA18-4B17-44FB-B558-391CC9698B97}.Debug|Any CPU.ActiveCfg = Debug|Any CPU
		{8966EA18-4B17-44FB-B558-391CC9698B97}.Debug|Any CPU.Build.0 = Debug|Any CPU
		{8966EA18-4B17-44FB-B558-391CC9698B97}.Release|Any CPU.ActiveCfg = Release|Any CPU
		{8966EA18-4B17-44FB-B558-391CC9698B97}.Release|Any CPU.Build.0 = Release|Any CPU
	EndGlobalSection
	GlobalSection(SolutionProperties) = preSolution
		HideSolutionNode = FALSE
	EndGlobalSection
	GlobalSection(ExtensibilityGlobals) = postSolution
		SolutionGuid = {C6B75690-1EDA-4736-A0B8-F43DCFD53F36}
	EndGlobalSection
EndGlobal
